
Microsoft Visual Studio Solution File, Format Version 12.00
# Visual Studio Version 17
VisualStudioVersion = 17.14.36616.10
MinimumVisualStudioVersion = 10.0.40219.1
Project("{FAE04EC0-301F-11D3-BF4B-00C04F79EFBC}") = "API.Automation", "API.Automation\API.Automation.csproj", "{3168FEEF-A227-4D9A-AD09-8D81BB5B3F9B}"
EndProject
Project("{FAE04EC0-301F-11D3-BF4B-00C04F79EFBC}") = "Test", "Test\Test.csproj", "{843F26E8-EAC7-4134-831F-CE83637AC6E7}"
EndProject
Global
	GlobalSection(SolutionConfigurationPlatforms) = preSolution
		Debug|Any CPU = Debug|Any CPU
		Release|Any CPU = Release|Any CPU
	EndGlobalSection
	GlobalSection(ProjectConfigurationPlatforms) = postSolution
		{3168FEEF-A227-4D9A-AD09-8D81BB5B3F9B}.Debug|Any CPU.ActiveCfg = Debug|Any CPU
		{3168FEEF-A227-4D9A-AD09-8D81BB5B3F9B}.Debug|Any CPU.Build.0 = Debug|Any CPU
		{3168FEEF-A227-4D9A-AD09-8D81BB5B3F9B}.Release|Any CPU.ActiveCfg = Release|Any CPU
		{3168FEEF-A227-4D9A-AD09-8D81BB5B3F9B}.Release|Any CPU.Build.0 = Release|Any CPU
		{843F26E8-EAC7-4134-831F-CE83637AC6E7}.Debug|Any CPU.ActiveCfg = Debug|Any CPU
		{843F26E8-EAC7-4134-831F-CE83637AC6E7}.Debug|Any CPU.Build.0 = Debug|Any CPU
		{843F26E8-EAC7-4134-831F-CE83637AC6E7}.Release|Any CPU.ActiveCfg = Release|Any CPU
		{843F26E8-EAC7-4134-831F-CE83637AC6E7}.Release|Any CPU.Build.0 = Release|Any CPU
	EndGlobalSection
	GlobalSection(SolutionProperties) = preSolution
		HideSolutionNode = FALSE
	EndGlobalSection
	GlobalSection(ExtensibilityGlobals) = postSolution
		SolutionGuid = {E1488EF3-BEE2-4EC2-9038-2AE2052815D4}
	EndGlobalSection
EndGlobal
